[[package]]
category = "main"
description = "Composable command line interface toolkit"
name = "click"
optional = false
python-versions = ">=2.7, !=3.0.*, !=3.1.*, !=3.2.*, !=3.3.*, !=3.4.*"
version = "7.1.2"

[[package]]
category = "main"
description = "Parsing and pattern matching made easy."
name = "parsley"
optional = false
python-versions = "*"
version = "1.3"

[metadata]
content-hash = "fb65f5127d537a1da573ddbd1f8ad64a700b74047f0c7b3637092142ef78982c"
lock-version = "1.0"
python-versions = "^3.8"

[metadata.files]
click = [
    {file = "click-7.1.2-py2.py3-none-any.whl", hash = "sha256:dacca89f4bfadd5de3d7489b7c8a566eee0d3676333fbb50030263894c38c0dc"},
    {file = "click-7.1.2.tar.gz", hash = "sha256:d2b5255c7c6349bc1bd1e59e08cd12acbbd63ce649f2588755783aa94dfb6b1a"},
]
parsley = [
    {file = "Parsley-1.3-py2.py3-none-any.whl", hash = "sha256:c3bc417b8c7e3a96c87c0f2f751bfd784ed5156ffccebe2f84330df5685f8dc3"},
    {file = "Parsley-1.3.tar.gz", hash = "sha256:9444278d47161d5f2be76a767809a3cbe6db4db822f46a4fd7481d4057208d41"},
]
